
Microsoft Visual Studio Solution File, Format Version 12.00
# Visual Studio Version 16
VisualStudioVersion = 16.0.31729.503
MinimumVisualStudioVersion = 10.0.40219.1
Project("{9A19103F-16F7-4668-BE54-9A1E7A4F7556}") = "eWallet.API", "eWallet.API\eWallet.API.csproj", "{48276781-9B01-4834-8F3E-49D598D5FF02}"
EndProject
Global
	GlobalSection(SolutionConfigurationPlatforms) = preSolution
		Debug|Any CPU = Debug|Any CPU
		Release|Any CPU = Release|Any CPU
	EndGlobalSection
	GlobalSection(ProjectConfigurationPlatforms) = postSolution
		{48276781-9B01-4834-8F3E-49D598D5FF02}.Debug|Any CPU.ActiveCfg = Debug|Any CPU
		{48276781-9B01-4834-8F3E-49D598D5FF02}.Debug|Any CPU.Build.0 = Debug|Any CPU
		{48276781-9B01-4834-8F3E-49D598D5FF02}.Release|Any CPU.ActiveCfg = Release|Any CPU
		{48276781-9B01-4834-8F3E-49D598D5FF02}.Release|Any CPU.Build.0 = Release|Any CPU
	EndGlobalSection
	GlobalSection(SolutionProperties) = preSolution
		HideSolutionNode = FALSE
	EndGlobalSection
	GlobalSection(ExtensibilityGlobals) = postSolution
		SolutionGuid = {CB973CBB-C7A3-4127-8939-BEA6AF5A8DCA}
	EndGlobalSection
EndGlobal
